<?xml version="1.0" encoding="utf-8"?>
<Project ToolsVersion="4.0" xmlns="http://schemas.microsoft.com/developer/msbuild/2003">
  <ItemGroup>
    <Filter Include="Source Files">
      <UniqueIdentifier>{4FC737F1-C7A5-4376-A066-2A32D752A2FF}</UniqueIdentifier>
      <Extensions>cpp;c;cc;cxx;c++;cppm;ixx;def;odl;idl;hpj;bat;asm;asmx</Extensions>
    </Filter>
    <Filter Include="Header Files">
      <UniqueIdentifier>{93995380-89BD-4b04-88EB-625FBE52EBFB}</UniqueIdentifier>
      <Extensions>h;hh;hpp;hxx;h++;hm;inl;inc;ipp;xsd</Extensions>
    </Filter>
    <Filter Include="Resource Files">
      <UniqueIdentifier>{67DA6AB6-F800-4c08-8B7A-83BB121AAD01}</UniqueIdentifier>
      <Extensions>rc;ico;cur;bmp;dlg;rc2;rct;bin;rgs;gif;jpg;jpeg;jpe;resx;tiff;tif;png;wav;mfcribbon-ms</Extensions>
    </Filter>
    <Filter Include="Source Files\Process">
      <UniqueIdentifier>{079ff2ea-b63a-40da-a5fb-b83673bfeb2f}</UniqueIdentifier>
    </Filter>
    <Filter Include="Source Files\Documents">
      <UniqueIdentifier>{68bd3c0c-b1a0-40a9-8710-7023d59a41b5}</UniqueIdentifier>
    </Filter>
    <Filter Include="Source Files\SystemInfo">
      <UniqueIdentifier>{709e730b-6df4-46f7-a638-551f2080d507}</UniqueIdentifier>
    </Filter>
    <Filter Include="Source Files\PythonFiles">
      <UniqueIdentifier>{b7937e89-83be-431c-9a9c-893dad55fe8f}</UniqueIdentifier>
    </Filter>
    <Filter Include="Source Files\Dir">
      <UniqueIdentifier>{4c06b1cd-a7eb-48c6-b3b6-30e6a3899884}</UniqueIdentifier>
    </Filter>
    <Filter Include="Source Files\Writer">
      <UniqueIdentifier>{795a857a-c571-49ac-9fd9-06829a465b47}</UniqueIdentifier>
    </Filter>
    <Filter Include="Source Files\Trash">
      <UniqueIdentifier>{0ab8505f-a452-4b47-8f7f-a7ee89d2df67}</UniqueIdentifier>
    </Filter>
  </ItemGroup>
  <ItemGroup>
    <ClCompile Include="main.c">
      <Filter>Source Files</Filter>
    </ClCompile>
    <ClCompile Include="process.c">
      <Filter>Source Files\Process</Filter>
    </ClCompile>
    <ClCompile Include="docs.cpp">
      <Filter>Source Files\Documents</Filter>
    </ClCompile>
    <ClCompile Include="build.cpp">
      <Filter>Source Files\SystemInfo</Filter>
    </ClCompile>
    <ClCompile Include="tree.c">
      <Filter>Source Files\Dir</Filter>
    </ClCompile>
    <ClCompile Include="ctree.c">
      <Filter>Source Files\Dir</Filter>
    </ClCompile>
    <ClCompile Include="dtree.c">
      <Filter>Source Files\Dir</Filter>
    </ClCompile>
    <ClCompile Include="etree.c">
      <Filter>Source Files\Dir</Filter>
    </ClCompile>
    <ClCompile Include="systeminfo.cpp">
      <Filter>Source Files\Writer</Filter>
    </ClCompile>
  </ItemGroup>
  <ItemGroup>
    <ClInclude Include="connect.h">
      <Filter>Header Files</Filter>
    </ClInclude>
    <ClInclude Include="tree.h">
      <Filter>Header Files</Filter>
    </ClInclude>
    <ClInclude Include="writer.h">
      <Filter>Header Files</Filter>
    </ClInclude>
  </ItemGroup>
  <ItemGroup>
    <None Include="encryptdocs.py">
      <Filter>Source Files\PythonFiles</Filter>
    </None>
  </ItemGroup>
  <ItemGroup>
    <Text Include="junk.cpp.txt">
      <Filter>Source Files\Trash</Filter>
    </Text>
  </ItemGroup>
</Project>